
Microsoft Visual Studio Solution File, Format Version 12.00
# Visual Studio Version 17
VisualStudioVersion = 17.0.32112.339
MinimumVisualStudioVersion = 10.0.40219.1
Project("{2150E333-8FDC-42A3-9474-1A3956D46DE8}") = "1 - SRP", "1 - SRP", "{94BDD432-277C-4E2C-B5C5-6EEF4D721F22}"
EndProject
Project("{FAE04EC0-301F-11D3-BF4B-00C04F79EFBC}") = "SRP.Violation", "1 - SRP\SRP.Violation\SRP.Violation.csproj", "{2A5C0860-F1B3-40E8-9C1C-332F2C8315FA}"
EndProject
Project("{FAE04EC0-301F-11D3-BF4B-00C04F79EFBC}") = "SRP.Solution", "1 - SRP\SRP.Solution\SRP.Solution.csproj", "{A851B474-659F-4D6F-8B81-8DFDC74ED044}"
EndProject
Project("{2150E333-8FDC-42A3-9474-1A3956D46DE8}") = "2 - OCP", "2 - OCP", "{03BE6E7E-EF7D-4262-A513-E27B1DE29789}"
EndProject
Project("{FAE04EC0-301F-11D3-BF4B-00C04F79EFBC}") = "OCP.Violation", "2 - OCP\OCP.Violation\OCP.Violation.csproj", "{4400C3DD-D34A-41BC-B9FB-EF390B6ED122}"
EndProject
Project("{FAE04EC0-301F-11D3-BF4B-00C04F79EFBC}") = "OCP.Solution", "2 - OCP\OCP.Solution\OCP.Solution.csproj", "{83B5A53F-639C-4E21-98D6-7595BCA59BBE}"
EndProject
Global
	GlobalSection(SolutionConfigurationPlatforms) = preSolution
		Debug|Any CPU = Debug|Any CPU
		Release|Any CPU = Release|Any CPU
	EndGlobalSection
	GlobalSection(ProjectConfigurationPlatforms) = postSolution
		{2A5C0860-F1B3-40E8-9C1C-332F2C8315FA}.Debug|Any CPU.ActiveCfg = Debug|Any CPU
		{2A5C0860-F1B3-40E8-9C1C-332F2C8315FA}.Debug|Any CPU.Build.0 = Debug|Any CPU
		{2A5C0860-F1B3-40E8-9C1C-332F2C8315FA}.Release|Any CPU.ActiveCfg = Release|Any CPU
		{2A5C0860-F1B3-40E8-9C1C-332F2C8315FA}.Release|Any CPU.Build.0 = Release|Any CPU
		{A851B474-659F-4D6F-8B81-8DFDC74ED044}.Debug|Any CPU.ActiveCfg = Debug|Any CPU
		{A851B474-659F-4D6F-8B81-8DFDC74ED044}.Debug|Any CPU.Build.0 = Debug|Any CPU
		{A851B474-659F-4D6F-8B81-8DFDC74ED044}.Release|Any CPU.ActiveCfg = Release|Any CPU
		{A851B474-659F-4D6F-8B81-8DFDC74ED044}.Release|Any CPU.Build.0 = Release|Any CPU
		{4400C3DD-D34A-41BC-B9FB-EF390B6ED122}.Debug|Any CPU.ActiveCfg = Debug|Any CPU
		{4400C3DD-D34A-41BC-B9FB-EF390B6ED122}.Debug|Any CPU.Build.0 = Debug|Any CPU
		{4400C3DD-D34A-41BC-B9FB-EF390B6ED122}.Release|Any CPU.ActiveCfg = Release|Any CPU
		{4400C3DD-D34A-41BC-B9FB-EF390B6ED122}.Release|Any CPU.Build.0 = Release|Any CPU
		{83B5A53F-639C-4E21-98D6-7595BCA59BBE}.Debug|Any CPU.ActiveCfg = Debug|Any CPU
		{83B5A53F-639C-4E21-98D6-7595BCA59BBE}.Debug|Any CPU.Build.0 = Debug|Any CPU
		{83B5A53F-639C-4E21-98D6-7595BCA59BBE}.Release|Any CPU.ActiveCfg = Release|Any CPU
		{83B5A53F-639C-4E21-98D6-7595BCA59BBE}.Release|Any CPU.Build.0 = Release|Any CPU
	EndGlobalSection
	GlobalSection(SolutionProperties) = preSolution
		HideSolutionNode = FALSE
	EndGlobalSection
	GlobalSection(NestedProjects) = preSolution
		{2A5C0860-F1B3-40E8-9C1C-332F2C8315FA} = {94BDD432-277C-4E2C-B5C5-6EEF4D721F22}
		{A851B474-659F-4D6F-8B81-8DFDC74ED044} = {94BDD432-277C-4E2C-B5C5-6EEF4D721F22}
		{4400C3DD-D34A-41BC-B9FB-EF390B6ED122} = {03BE6E7E-EF7D-4262-A513-E27B1DE29789}
		{83B5A53F-639C-4E21-98D6-7595BCA59BBE} = {03BE6E7E-EF7D-4262-A513-E27B1DE29789}
	EndGlobalSection
	GlobalSection(ExtensibilityGlobals) = postSolution
		SolutionGuid = {2A1EAFC7-7922-42DB-A76A-D528405197B8}
	EndGlobalSection
EndGlobal
